
Microsoft Visual Studio Solution File, Format Version 12.00
# Visual Studio Version 17
VisualStudioVersion = 17.13.35919.96 d17.13
MinimumVisualStudioVersion = 10.0.40219.1
Project("{FAE04EC0-301F-11D3-BF4B-00C04F79EFBC}") = "RestauranteGestaoPedidos", "RestauranteGestaoPedidos.csproj", "{449C6126-04D7-4FF1-8353-609756330535}"
EndProject
Global
	GlobalSection(SolutionConfigurationPlatforms) = preSolution
		Debug|Any CPU = Debug|Any CPU
		Release|Any CPU = Release|Any CPU
	EndGlobalSection
	GlobalSection(ProjectConfigurationPlatforms) = postSolution
		{449C6126-04D7-4FF1-8353-609756330535}.Debug|Any CPU.ActiveCfg = Debug|Any CPU
		{449C6126-04D7-4FF1-8353-609756330535}.Debug|Any CPU.Build.0 = Debug|Any CPU
		{449C6126-04D7-4FF1-8353-609756330535}.Release|Any CPU.ActiveCfg = Release|Any CPU
		{449C6126-04D7-4FF1-8353-609756330535}.Release|Any CPU.Build.0 = Release|Any CPU
	EndGlobalSection
	GlobalSection(SolutionProperties) = preSolution
		HideSolutionNode = FALSE
	EndGlobalSection
	GlobalSection(ExtensibilityGlobals) = postSolution
		SolutionGuid = {0122E548-E501-48EB-960F-5FD0775EFF76}
	EndGlobalSection
EndGlobal
